
Microsoft Visual Studio Solution File, Format Version 11.00
# Visual Studio 2010
Project("{FAE04EC0-301F-11D3-BF4B-00C04F79EFBC}") = "PowerpointViewerLib", "PowerpointViewerLib\PowerpointViewerLib.csproj", "{F36E815C-5B9C-4E5F-B82D-E5A718E504E6}"
	ProjectSection(ProjectDependencies) = postProject
		{04CC20D1-DC5A-4189-8181-4011E3C21DCF} = {04CC20D1-DC5A-4189-8181-4011E3C21DCF}
	EndProjectSection
EndProject
Project("{FAE04EC0-301F-11D3-BF4B-00C04F79EFBC}") = "PowerpointViewerDemo", "PowerpointViewerDemo\PowerpointViewerDemo.csproj", "{78FE1EC7-878F-4CFD-846C-2E1C7391E272}"
EndProject
Project("{8BC9CEB8-8B4A-11D0-8D11-00A0C91BC942}") = "pptviewlib", "pptviewlib\pptviewlib.vcxproj", "{04CC20D1-DC5A-4189-8181-4011E3C21DCF}"
EndProject
Global
	GlobalSection(SolutionConfigurationPlatforms) = preSolution
		Debug|Any CPU = Debug|Any CPU
		Debug|Mixed Platforms = Debug|Mixed Platforms
		Debug|Win32 = Debug|Win32
		Debug|x86 = Debug|x86
		Release|Any CPU = Release|Any CPU
		Release|Mixed Platforms = Release|Mixed Platforms
		Release|Win32 = Release|Win32
		Release|x86 = Release|x86
	EndGlobalSection
	GlobalSection(ProjectConfigurationPlatforms) = postSolution
		{F36E815C-5B9C-4E5F-B82D-E5A718E504E6}.Debug|Any CPU.ActiveCfg = Debug|Any CPU
		{F36E815C-5B9C-4E5F-B82D-E5A718E504E6}.Debug|Any CPU.Build.0 = Debug|Any CPU
		{F36E815C-5B9C-4E5F-B82D-E5A718E504E6}.Debug|Mixed Platforms.ActiveCfg = Debug|x86
		{F36E815C-5B9C-4E5F-B82D-E5A718E504E6}.Debug|Mixed Platforms.Build.0 = Debug|x86
		{F36E815C-5B9C-4E5F-B82D-E5A718E504E6}.Debug|Win32.ActiveCfg = Debug|x86
		{F36E815C-5B9C-4E5F-B82D-E5A718E504E6}.Debug|x86.ActiveCfg = Debug|x86
		{F36E815C-5B9C-4E5F-B82D-E5A718E504E6}.Debug|x86.Build.0 = Debug|x86
		{F36E815C-5B9C-4E5F-B82D-E5A718E504E6}.Release|Any CPU.ActiveCfg = Release|Any CPU
		{F36E815C-5B9C-4E5F-B82D-E5A718E504E6}.Release|Any CPU.Build.0 = Release|Any CPU
		{F36E815C-5B9C-4E5F-B82D-E5A718E504E6}.Release|Mixed Platforms.ActiveCfg = Release|x86
		{F36E815C-5B9C-4E5F-B82D-E5A718E504E6}.Release|Mixed Platforms.Build.0 = Release|x86
		{F36E815C-5B9C-4E5F-B82D-E5A718E504E6}.Release|Win32.ActiveCfg = Release|x86
		{F36E815C-5B9C-4E5F-B82D-E5A718E504E6}.Release|x86.ActiveCfg = Release|x86
		{F36E815C-5B9C-4E5F-B82D-E5A718E504E6}.Release|x86.Build.0 = Release|x86
		{78FE1EC7-878F-4CFD-846C-2E1C7391E272}.Debug|Any CPU.ActiveCfg = Debug|x86
		{78FE1EC7-878F-4CFD-846C-2E1C7391E272}.Debug|Mixed Platforms.ActiveCfg = Debug|x86
		{78FE1EC7-878F-4CFD-846C-2E1C7391E272}.Debug|Mixed Platforms.Build.0 = Debug|x86
		{78FE1EC7-878F-4CFD-846C-2E1C7391E272}.Debug|Win32.ActiveCfg = Debug|x86
		{78FE1EC7-878F-4CFD-846C-2E1C7391E272}.Debug|x86.ActiveCfg = Debug|x86
		{78FE1EC7-878F-4CFD-846C-2E1C7391E272}.Debug|x86.Build.0 = Debug|x86
		{78FE1EC7-878F-4CFD-846C-2E1C7391E272}.Release|Any CPU.ActiveCfg = Release|x86
		{78FE1EC7-878F-4CFD-846C-2E1C7391E272}.Release|Mixed Platforms.ActiveCfg = Release|x86
		{78FE1EC7-878F-4CFD-846C-2E1C7391E272}.Release|Mixed Platforms.Build.0 = Release|x86
		{78FE1EC7-878F-4CFD-846C-2E1C7391E272}.Release|Win32.ActiveCfg = Release|x86
		{78FE1EC7-878F-4CFD-846C-2E1C7391E272}.Release|x86.ActiveCfg = Release|x86
		{78FE1EC7-878F-4CFD-846C-2E1C7391E272}.Release|x86.Build.0 = Release|x86
		{04CC20D1-DC5A-4189-8181-4011E3C21DCF}.Debug|Any CPU.ActiveCfg = Debug|Win32
		{04CC20D1-DC5A-4189-8181-4011E3C21DCF}.Debug|Mixed Platforms.ActiveCfg = Debug|Win32
		{04CC20D1-DC5A-4189-8181-4011E3C21DCF}.Debug|Mixed Platforms.Build.0 = Debug|Win32
		{04CC20D1-DC5A-4189-8181-4011E3C21DCF}.Debug|Win32.ActiveCfg = Debug|Win32
		{04CC20D1-DC5A-4189-8181-4011E3C21DCF}.Debug|Win32.Build.0 = Debug|Win32
		{04CC20D1-DC5A-4189-8181-4011E3C21DCF}.Debug|x86.ActiveCfg = Debug|Win32
		{04CC20D1-DC5A-4189-8181-4011E3C21DCF}.Release|Any CPU.ActiveCfg = Release|Win32
		{04CC20D1-DC5A-4189-8181-4011E3C21DCF}.Release|Mixed Platforms.ActiveCfg = Release|Win32
		{04CC20D1-DC5A-4189-8181-4011E3C21DCF}.Release|Mixed Platforms.Build.0 = Release|Win32
		{04CC20D1-DC5A-4189-8181-4011E3C21DCF}.Release|Win32.ActiveCfg = Release|Win32
		{04CC20D1-DC5A-4189-8181-4011E3C21DCF}.Release|Win32.Build.0 = Release|Win32
		{04CC20D1-DC5A-4189-8181-4011E3C21DCF}.Release|x86.ActiveCfg = Release|Win32
	EndGlobalSection
	GlobalSection(SolutionProperties) = preSolution
		HideSolutionNode = FALSE
	EndGlobalSection
EndGlobal
